
Microsoft Visual Studio Solution File, Format Version 12.00
# Visual Studio Version 17
VisualStudioVersion = 17.3.32819.101
MinimumVisualStudioVersion = 10.0.40219.1
Project("{F184B08F-C81C-45F6-A57F-5ABD9991F28F}") = "Halloween", "Halloween\Halloween.vbproj", "{FFCCC91D-B100-466A-95C7-730181729E15}"
EndProject
Global
	GlobalSection(SolutionConfigurationPlatforms) = preSolution
		Debug|Any CPU = Debug|Any CPU
		Release|Any CPU = Release|Any CPU
	EndGlobalSection
	GlobalSection(ProjectConfigurationPlatforms) = postSolution
		{FFCCC91D-B100-466A-95C7-730181729E15}.Debug|Any CPU.ActiveCfg = Debug|Any CPU
		{FFCCC91D-B100-466A-95C7-730181729E15}.Debug|Any CPU.Build.0 = Debug|Any CPU
		{FFCCC91D-B100-466A-95C7-730181729E15}.Release|Any CPU.ActiveCfg = Release|Any CPU
		{FFCCC91D-B100-466A-95C7-730181729E15}.Release|Any CPU.Build.0 = Release|Any CPU
	EndGlobalSection
	GlobalSection(SolutionProperties) = preSolution
		HideSolutionNode = FALSE
	EndGlobalSection
	GlobalSection(ExtensibilityGlobals) = postSolution
		SolutionGuid = {3156E72D-3745-41B1-81CF-02B0F96A2B53}
	EndGlobalSection
EndGlobal
